
Microsoft Visual Studio Solution File, Format Version 12.00
# Visual Studio Version 16
VisualStudioVersion = 16.0.31005.135
MinimumVisualStudioVersion = 10.0.40219.1
Project("{FAE04EC0-301F-11D3-BF4B-00C04F79EFBC}") = "Prsi", "Prsi.csproj", "{C61A460D-F77F-48F9-9630-28D1D3E5A619}"
EndProject
Global
	GlobalSection(SolutionConfigurationPlatforms) = preSolution
		Debug|Any CPU = Debug|Any CPU
		Release|Any CPU = Release|Any CPU
	EndGlobalSection
	GlobalSection(ProjectConfigurationPlatforms) = postSolution
		{C61A460D-F77F-48F9-9630-28D1D3E5A619}.Debug|Any CPU.ActiveCfg = Debug|Any CPU
		{C61A460D-F77F-48F9-9630-28D1D3E5A619}.Debug|Any CPU.Build.0 = Debug|Any CPU
		{C61A460D-F77F-48F9-9630-28D1D3E5A619}.Release|Any CPU.ActiveCfg = Release|Any CPU
		{C61A460D-F77F-48F9-9630-28D1D3E5A619}.Release|Any CPU.Build.0 = Release|Any CPU
	EndGlobalSection
	GlobalSection(SolutionProperties) = preSolution
		HideSolutionNode = FALSE
	EndGlobalSection
	GlobalSection(ExtensibilityGlobals) = postSolution
		SolutionGuid = {00601221-AF45-42B2-B22E-6658FE3317F1}
	EndGlobalSection
EndGlobal
